// !$*UTF8*$!
{
	archiveVersion = 1;
	classes = {
	};
	objectVersion = 77;
	objects = {

/* Begin PBXContainerItemProxy section */
		6D252A722EE8F9230088B6F1 /* PBXContainerItemProxy */ = {
			isa = PBXContainerItemProxy;
			containerPortal = 6D252A5C2EE8F9220088B6F1 /* Project object */;
			proxyType = 1;
			remoteGlobalIDString = 6D252A632EE8F9220088B6F1;
			remoteInfo = LifeLogger;
		};
		6D252A7C2EE8F9230088B6F1 /* PBXContainerItemProxy */ = {
			isa = PBXContainerItemProxy;
			containerPortal = 6D252A5C2EE8F9220088B6F1 /* Project object */;
			proxyType = 1;
			remoteGlobalIDString = 6D252A632EE8F9220088B6F1;
			remoteInfo = LifeLogger;
		};
/* End PBXContainerItemProxy section */

/* Begin PBXFileReference section */
		6D252A642EE8F9220088B6F1 /* LifeLogger.app */ = {isa = PBXFileReference; explicitFileType = wrapper.application; includeInIndex = 0; path = LifeLogger.app; sourceTree = BUILT_PRODUCTS_DIR; };
		6D252A712EE8F9230088B6F1 /* LifeLoggerTests.xctest */ = {isa = PBXFileReference; explicitFileType = wrapper.cfbundle; includeInIndex = 0; path = LifeLoggerTests.xctest; sourceTree = BUILT_PRODUCTS_DIR; };
		6D252A7B2EE8F9230088B6F1 /* LifeLoggerUITests.xctest */ = {isa = PBXFileReference; explicitFileType = wrapper.cfbundle; includeInIndex = 0; path = LifeLoggerUITests.xctest; sourceTree = BUILT_PRODUCTS_DIR; };
/* End PBXFileReference section */

/* Begin PBXFileSystemSynchronizedRootGroup section */
		6D252A662EE8F9220088B6F1 /* LifeLogger */ = {
			isa = PBXFileSystemSynchronizedRootGroup;
			path = LifeLogger;
			sourceTree = "<group>";
		};
		6D252A742EE8F9230088B6F1 /* LifeLoggerTests */ = {
			isa = PBXFileSystemSynchronizedRootGroup;
			path = LifeLoggerTests;
			sourceTree = "<group>";
		};
		6D252A7E2EE8F9230088B6F1 /* LifeLoggerUITests */ = {
			isa = PBXFileSystemSynchronizedRootGroup;
			path = LifeLoggerUITests;
			sourceTree = "<group>";
		};
/* End PBXFileSystemSynchronizedRootGroup section */

/* Begin PBXFrameworksBuildPhase section */
		6D252A612EE8F9220088B6F1 /* Frameworks */ = {
			isa = PBXFrameworksBuildPhase;
			buildActionMask = 2147483647;
			files = (
			);
			runOnlyForDeploymentPostprocessing = 0;
		};
		6D252A6E2EE8F9230088B6F1 /* Frameworks */ = {
			isa = PBXFrameworksBuildPhase;
			buildActionMask = 2147483647;
			files = (
			);
			runOnlyForDeploymentPostprocessing = 0;
		};
		6D252A782EE8F9230088B6F1 /* Frameworks */ = {
			isa = PBXFrameworksBuildPhase;
			buildActionMask = 2147483647;
			files = (
			);
			runOnlyForDeploymentPostprocessing = 0;
		};
/* End PBXFrameworksBuildPhase section */

/* Begin PBXGroup section */
		6D252A5B2EE8F9220088B6F1 = {
			isa = PBXGroup;
			children = (
				6D252A662EE8F9220088B6F1 /* LifeLogger */,
				6D252A742EE8F9230088B6F1 /* LifeLoggerTests */,
				6D252A7E2EE8F9230088B6F1 /* LifeLoggerUITests */,
				6D252A652EE8F9220088B6F1 /* Products */,
			);
			sourceTree = "<group>";
		};
		6D252A652EE8F9220088B6F1 /* Products */ = {
			isa = PBXGroup;
			children = (
				6D252A642EE8F9220088B6F1 /* LifeLogger.app */,
				6D252A712EE8F9230088B6F1 /* LifeLoggerTests.xctest */,
				6D252A7B2EE8F9230088B6F1 /* LifeLoggerUITests.xctest */,
			);
			name = Products;
			sourceTree = "<group>";
		};
/* End PBXGroup section */

/* Begin PBXNativeTarget section */
		6D252A632EE8F9220088B6F1 /* LifeLogger */ = {
			isa = PBXNativeTarget;
			buildConfigurationList = 6D252A852EE8F9230088B6F1 /* Build configuration list for PBXNativeTarget "LifeLogger" */;
			buildPhases = (
				6D252A602EE8F9220088B6F1 /* Sources */,
				6D252A612EE8F9220088B6F1 /* Frameworks */,
				6D252A622EE8F9220088B6F1 /* Resources */,
			);
			buildRules = (
			);
			dependencies = (
			);
			fileSystemSynchronizedGroups = (
				6D252A662EE8F9220088B6F1 /* LifeLogger */,
			);
			name = LifeLogger;
			packageProductDependencies = (
			);
			productName = LifeLogger;
			productReference = 6D252A642EE8F9220088B6F1 /* LifeLogger.app */;
			productType = "com.apple.product-type.application";
		};
		6D252A702EE8F9230088B6F1 /* LifeLoggerTests */ = {
			isa = PBXNativeTarget;
			buildConfigurationList = 6D252A882EE8F9230088B6F1 /* Build configuration list for PBXNativeTarget "LifeLoggerTests" */;
			buildPhases = (
				6D252A6D2EE8F9230088B6F1 /* Sources */,
				6D252A6E2EE8F9230088B6F1 /* Frameworks */,
				6D252A6F2EE8F9230088B6F1 /* Resources */,
			);
			buildRules = (
			);
			dependencies = (
				6D252A732EE8F9230088B6F1 /* PBXTargetDependency */,
			);
			fileSystemSynchronizedGroups = (
				6D252A742EE8F9230088B6F1 /* LifeLoggerTests */,
			);
			name = LifeLoggerTests;
			packageProductDependencies = (
			);
			productName = LifeLoggerTests;
			productReference = 6D252A712EE8F9230088B6F1 /* LifeLoggerTests.xctest */;
			productType = "com.apple.product-type.bundle.unit-test";
		};
		6D252A7A2EE8F9230088B6F1 /* LifeLoggerUITests */ = {
			isa = PBXNativeTarget;
			buildConfigurationList = 6D252A8B2EE8F9230088B6F1 /* Build configuration list for PBXNativeTarget "LifeLoggerUITests" */;
			buildPhases = (
				6D252A772EE8F9230088B6F1 /* Sources */,
				6D252A782EE8F9230088B6F1 /* Frameworks */,
				6D252A792EE8F9230088B6F1 /* Resources */,
			);
			buildRules = (
			);
			dependencies = (
				6D252A7D2EE8F9230088B6F1 /* PBXTargetDependency */,
			);
			fileSystemSynchronizedGroups = (
				6D252A7E2EE8F9230088B6F1 /* LifeLoggerUITests */,
			);
			name = LifeLoggerUITests;
			packageProductDependencies = (
			);
			productName = LifeLoggerUITests;
			productReference = 6D252A7B2EE8F9230088B6F1 /* LifeLoggerUITests.xctest */;
			productType = "com.apple.product-type.bundle.ui-testing";
		};
/* End PBXNativeTarget section */

/* Begin PBXProject section */
		6D252A5C2EE8F9220088B6F1 /* Project object */ = {
			isa = PBXProject;
			attributes = {
				BuildIndependentTargetsInParallel = 1;
				LastSwiftUpdateCheck = 1640;
				LastUpgradeCheck = 1640;
				TargetAttributes = {
					6D252A632EE8F9220088B6F1 = {
						CreatedOnToolsVersion = 16.4;
					};
					6D252A702EE8F9230088B6F1 = {
						CreatedOnToolsVersion = 16.4;
						TestTargetID = 6D252A632EE8F9220088B6F1;
					};
					6D252A7A2EE8F9230088B6F1 = {
						CreatedOnToolsVersion = 16.4;
						TestTargetID = 6D252A632EE8F9220088B6F1;
					};
				};
			};
			buildConfigurationList = 6D252A5F2EE8F9220088B6F1 /* Build configuration list for PBXProject "LifeLogger" */;
			developmentRegion = en;
			hasScannedForEncodings = 0;
			knownRegions = (
				en,
				Base,
			);
			mainGroup = 6D252A5B2EE8F9220088B6F1;
			minimizedProjectReferenceProxies = 1;
			preferredProjectObjectVersion = 77;
			productRefGroup = 6D252A652EE8F9220088B6F1 /* Products */;
			projectDirPath = "";
			projectRoot = "";
			targets = (
				6D252A632EE8F9220088B6F1 /* LifeLogger */,
				6D252A702EE8F9230088B6F1 /* LifeLoggerTests */,
				6D252A7A2EE8F9230088B6F1 /* LifeLoggerUITests */,
			);
		};
/* End PBXProject section */

/* Begin PBXResourcesBuildPhase section */
		6D252A622EE8F9220088B6F1 /* Resources */ = {
			isa = PBXResourcesBuildPhase;
			buildActionMask = 2147483647;
			files = (
			);
			runOnlyForDeploymentPostprocessing = 0;
		};
		6D252A6F2EE8F9230088B6F1 /* Resources */ = {
			isa = PBXResourcesBuildPhase;
			buildActionMask = 2147483647;
			files = (
			);
			runOnlyForDeploymentPostprocessing = 0;
		};
		6D252A792EE8F9230088B6F1 /* Resources */ = {
			isa = PBXResourcesBuildPhase;
			buildActionMask = 2147483647;
			files = (
			);
			runOnlyForDeploymentPostprocessing = 0;
		};
/* End PBXResourcesBuildPhase section */

/* Begin PBXSourcesBuildPhase section */
		6D252A602EE8F9220088B6F1 /* Sources */ = {
			isa = PBXSourcesBuildPhase;
			buildActionMask = 2147483647;
			files = (
			);
			runOnlyForDeploymentPostprocessing = 0;
		};
		6D252A6D2EE8F9230088B6F1 /* Sources */ = {
			isa = PBXSourcesBuildPhase;
			buildActionMask = 2147483647;
			files = (
			);
			runOnlyForDeploymentPostprocessing = 0;
		};
		6D252A772EE8F9230088B6F1 /* Sources */ = {
			isa = PBXSourcesBuildPhase;
			buildActionMask = 2147483647;
			files = (
			);
			runOnlyForDeploymentPostprocessing = 0;
		};
/* End PBXSourcesBuildPhase section */

/* Begin PBXTargetDependency section */
		6D252A732EE8F9230088B6F1 /* PBXTargetDependency */ = {
			isa = PBXTargetDependency;
			target = 6D252A632EE8F9220088B6F1 /* LifeLogger */;
			targetProxy = 6D252A722EE8F9230088B6F1 /* PBXContainerItemProxy */;
		};
		6D252A7D2EE8F9230088B6F1 /* PBXTargetDependency */ = {
			isa = PBXTargetDependency;
			target = 6D252A632EE8F9220088B6F1 /* LifeLogger */;
			targetProxy = 6D252A7C2EE8F9230088B6F1 /* PBXContainerItemProxy */;
		};
/* End PBXTargetDependency section */

/* Begin XCBuildConfiguration section */
		6D252A832EE8F9230088B6F1 /* Debug */ = {
			isa = XCBuildConfiguration;
			buildSettings = {
				ALWAYS_SEARCH_USER_PATHS = NO;
				ASSETCATALOG_COMPILER_GENERATE_SWIFT_ASSET_SYMBOL_EXTENSIONS = YES;
				CLANG_ANALYZER_NONNULL = YES;
				CLANG_ANALYZER_NUMBER_OBJECT_CONVERSION = YES_AGGRESSIVE;
				CLANG_CXX_LANGUAGE_STANDARD = "gnu++20";
				CLANG_ENABLE_MODULES = YES;
				CLANG_ENABLE_OBJC_ARC = YES;
				CLANG_ENABLE_OBJC_WEAK = YES;
				CLANG_WARN_BLOCK_CAPTURE_AUTORELEASING = YES;
				CLANG_WARN_BOOL_CONVERSION = YES;
				CLANG_WARN_COMMA = YES;
				CLANG_WARN_CONSTANT_CONVERSION = YES;
				CLANG_WARN_DEPRECATED_OBJC_IMPLEMENTATIONS = YES;
				CLANG_WARN_DIRECT_OBJC_ISA_USAGE = YES_ERROR;
				CLANG_WARN_DOCUMENTATION_COMMENTS = YES;
				CLANG_WARN_EMPTY_BODY = YES;
				CLANG_WARN_ENUM_CONVERSION = YES;
				CLANG_WARN_INFINITE_RECURSION = YES;
				CLANG_WARN_INT_CONVERSION = YES;
				CLANG_WARN_NON_LITERAL_NULL_CONVERSION = YES;
				CLANG_WARN_OBJC_IMPLICIT_RETAIN_SELF = YES;
				CLANG_WARN_OBJC_LITERAL_CONVERSION = YES;
				CLANG_WARN_OBJC_ROOT_CLASS = YES_ERROR;
				CLANG_WARN_QUOTED_INCLUDE_IN_FRAMEWORK_HEADER = YES;
				CLANG_WARN_RANGE_LOOP_ANALYSIS = YES;
				CLANG_WARN_STRICT_PROTOTYPES = YES;
				CLANG_WARN_SUSPICIOUS_MOVE = YES;
				CLANG_WARN_UNGUARDED_AVAILABILITY = YES_AGGRESSIVE;
				CLANG_WARN_UNREACHABLE_CODE = YES;
				CLANG_WARN__DUPLICATE_METHOD_MATCH = YES;
				COPY_PHASE_STRIP = NO;
				DEBUG_INFORMATION_FORMAT = dwarf;
				DEVELOPMENT_TEAM = FJ47H5G4MH;
				ENABLE_STRICT_OBJC_MSGSEND = YES;
				ENABLE_TESTABILITY = YES;
				ENABLE_USER_SCRIPT_SANDBOXING = YES;
				GCC_C_LANGUAGE_STANDARD = gnu17;
				GCC_DYNAMIC_NO_PIC = NO;
				GCC_NO_COMMON_BLOCKS = YES;
				GCC_OPTIMIZATION_LEVEL = 0;
				GCC_PREPROCESSOR_DEFINITIONS = (
					"DEBUG=1",
					"$(inherited)",
				);
				GCC_WARN_64_TO_32_BIT_CONVERSION = YES;
				GCC_WARN_ABOUT_RETURN_TYPE = YES_ERROR;
				GCC_WARN_UNDECLARED_SELECTOR = YES;
				GCC_WARN_UNINITIALIZED_AUTOS = YES_AGGRESSIVE;
				GCC_WARN_UNUSED_FUNCTION = YES;
				GCC_WARN_UNUSED_VARIABLE = YES;
				IPHONEOS_DEPLOYMENT_TARGET = 18.5;
				LOCALIZATION_PREFERS_STRING_CATALOGS = YES;
				MTL_ENABLE_DEBUG_INFO = INCLUDE_SOURCE;
				MTL_FAST_MATH = YES;
				ONLY_ACTIVE_ARCH = YES;
				SDKROOT = iphoneos;
				SWIFT_ACTIVE_COMPILATION_CONDITIONS = "DEBUG $(inherited)";
				SWIFT_OPTIMIZATION_LEVEL = "-Onone";
			};
			name = Debug;
		};
		6D252A842EE8F9230088B6F1 /* Release */ = {
			isa = XCBuildConfiguration;
			buildSettings = {
				ALWAYS_SEARCH_USER_PATHS = NO;
				ASSETCATALOG_COMPILER_GENERATE_SWIFT_ASSET_SYMBOL_EXTENSIONS = YES;
				CLANG_ANALYZER_NONNULL = YES;
				CLANG_ANALYZER_NUMBER_OBJECT_CONVERSION = YES_AGGRESSIVE;
				CLANG_CXX_LANGUAGE_STANDARD = "gnu++20";
				CLANG_ENABLE_MODULES = YES;
				CLANG_ENABLE_OBJC_ARC = YES;
				CLANG_ENABLE_OBJC_WEAK = YES;
				CLANG_WARN_BLOCK_CAPTURE_AUTORELEASING = YES;
				CLANG_WARN_BOOL_CONVERSION = YES;
				CLANG_WARN_COMMA = YES;
				CLANG_WARN_CONSTANT_CONVERSION = YES;
				CLANG_WARN_DEPRECATED_OBJC_IMPLEMENTATIONS = YES;
				CLANG_WARN_DIRECT_OBJC_ISA_USAGE = YES_ERROR;
				CLANG_WARN_DOCUMENTATION_COMMENTS = YES;
				CLANG_WARN_EMPTY_BODY = YES;
				CLANG_WARN_ENUM_CONVERSION = YES;
				CLANG_WARN_INFINITE_RECURSION = YES;
				CLANG_WARN_INT_CONVERSION = YES;
				CLANG_WARN_NON_LITERAL_NULL_CONVERSION = YES;
				CLANG_WARN_OBJC_IMPLICIT_RETAIN_SELF = YES;
				CLANG_WARN_OBJC_LITERAL_CONVERSION = YES;
				CLANG_WARN_OBJC_ROOT_CLASS = YES_ERROR;
				CLANG_WARN_QUOTED_INCLUDE_IN_FRAMEWORK_HEADER = YES;
				CLANG_WARN_RANGE_LOOP_ANALYSIS = YES;
				CLANG_WARN_STRICT_PROTOTYPES = YES;
				CLANG_WARN_SUSPICIOUS_MOVE = YES;
				CLANG_WARN_UNGUARDED_AVAILABILITY = YES_AGGRESSIVE;
				CLANG_WARN_UNREACHABLE_CODE = YES;
				CLANG_WARN__DUPLICATE_METHOD_MATCH = YES;
				COPY_PHASE_STRIP = NO;
				DEBUG_INFORMATION_FORMAT = "dwarf-with-dsym";
				DEVELOPMENT_TEAM = FJ47H5G4MH;
				ENABLE_NS_ASSERTIONS = NO;
				ENABLE_STRICT_OBJC_MSGSEND = YES;
				ENABLE_USER_SCRIPT_SANDBOXING = YES;
				GCC_C_LANGUAGE_STANDARD = gnu17;
				GCC_NO_COMMON_BLOCKS = YES;
				GCC_WARN_64_TO_32_BIT_CONVERSION = YES;
				GCC_WARN_ABOUT_RETURN_TYPE = YES_ERROR;
				GCC_WARN_UNDECLARED_SELECTOR = YES;
				GCC_WARN_UNINITIALIZED_AUTOS = YES_AGGRESSIVE;
				GCC_WARN_UNUSED_FUNCTION = YES;
				GCC_WARN_UNUSED_VARIABLE = YES;
				IPHONEOS_DEPLOYMENT_TARGET = 18.5;
				LOCALIZATION_PREFERS_STRING_CATALOGS = YES;
				MTL_ENABLE_DEBUG_INFO = NO;
				MTL_FAST_MATH = YES;
				SDKROOT = iphoneos;
				SWIFT_COMPILATION_MODE = wholemodule;
				VALIDATE_PRODUCT = YES;
			};
			name = Release;
		};
		6D252A862EE8F9230088B6F1 /* Debug */ = {
			isa = XCBuildConfiguration;
			buildSettings = {
				ASSETCATALOG_COMPILER_APPICON_NAME = AppIcon;
				ASSETCATALOG_COMPILER_GLOBAL_ACCENT_COLOR_NAME = AccentColor;
				CODE_SIGN_STYLE = Automatic;
				CURRENT_PROJECT_VERSION = 1;
				DEVELOPMENT_TEAM = FJ47H5G4MH;
				ENABLE_PREVIEWS = YES;
				GENERATE_INFOPLIST_FILE = YES;
				INFOPLIST_KEY_UIApplicationSceneManifest_Generation = YES;
				INFOPLIST_KEY_UIApplicationSupportsIndirectInputEvents = YES;
				INFOPLIST_KEY_UILaunchScreen_Generation = YES;
				INFOPLIST_KEY_UISupportedInterfaceOrientations_iPad = "UIInterfaceOrientationPortrait UIInterfaceOrientationPortraitUpsideDown UIInterfaceOrientationLandscapeLeft UIInterfaceOrientationLandscapeRight";
				INFOPLIST_KEY_UISupportedInterfaceOrientations_iPhone = "UIInterfaceOrientationPortrait UIInterfaceOrientationLandscapeLeft UIInterfaceOrientationLandscapeRight";
				LD_RUNPATH_SEARCH_PATHS = (
					"$(inherited)",
					"@executable_path/Frameworks",
				);
				MARKETING_VERSION = 1.0;
				PRODUCT_BUNDLE_IDENTIFIER = jdai.LifeLogger;
				PRODUCT_NAME = "$(TARGET_NAME)";
				SWIFT_EMIT_LOC_STRINGS = YES;
				SWIFT_VERSION = 5.0;
				TARGETED_DEVICE_FAMILY = "1,2";
			};
			name = Debug;
		};
		6D252A872EE8F9230088B6F1 /* Release */ = {
			isa = XCBuildConfiguration;
			buildSettings = {
				ASSETCATALOG_COMPILER_APPICON_NAME = AppIcon;
				ASSETCATALOG_COMPILER_GLOBAL_ACCENT_COLOR_NAME = AccentColor;
				CODE_SIGN_STYLE = Automatic;
				CURRENT_PROJECT_VERSION = 1;
				DEVELOPMENT_TEAM = FJ47H5G4MH;
				ENABLE_PREVIEWS = YES;
				GENERATE_INFOPLIST_FILE = YES;
				INFOPLIST_KEY_UIApplicationSceneManifest_Generation = YES;
				INFOPLIST_KEY_UIApplicationSupportsIndirectInputEvents = YES;
				INFOPLIST_KEY_UILaunchScreen_Generation = YES;
				INFOPLIST_KEY_UISupportedInterfaceOrientations_iPad = "UIInterfaceOrientationPortrait UIInterfaceOrientationPortraitUpsideDown UIInterfaceOrientationLandscapeLeft UIInterfaceOrientationLandscapeRight";
				INFOPLIST_KEY_UISupportedInterfaceOrientations_iPhone = "UIInterfaceOrientationPortrait UIInterfaceOrientationLandscapeLeft UIInterfaceOrientationLandscapeRight";
				LD_RUNPATH_SEARCH_PATHS = (
					"$(inherited)",
					"@executable_path/Frameworks",
				);
				MARKETING_VERSION = 1.0;
				PRODUCT_BUNDLE_IDENTIFIER = jdai.LifeLogger;
				PRODUCT_NAME = "$(TARGET_NAME)";
				SWIFT_EMIT_LOC_STRINGS = YES;
				SWIFT_VERSION = 5.0;
				TARGETED_DEVICE_FAMILY = "1,2";
			};
			name = Release;
		};
		6D252A892EE8F9230088B6F1 /* Debug */ = {
			isa = XCBuildConfiguration;
			buildSettings = {
				BUNDLE_LOADER = "$(TEST_HOST)";
				CODE_SIGN_STYLE = Automatic;
				CURRENT_PROJECT_VERSION = 1;
				DEVELOPMENT_TEAM = FJ47H5G4MH;
				GENERATE_INFOPLIST_FILE = YES;
				IPHONEOS_DEPLOYMENT_TARGET = 18.5;
				MARKETING_VERSION = 1.0;
				PRODUCT_BUNDLE_IDENTIFIER = jdai.LifeLoggerTests;
				PRODUCT_NAME = "$(TARGET_NAME)";
				SWIFT_EMIT_LOC_STRINGS = NO;
				SWIFT_VERSION = 5.0;
				TARGETED_DEVICE_FAMILY = "1,2";
				TEST_HOST = "$(BUILT_PRODUCTS_DIR)/LifeLogger.app/$(BUNDLE_EXECUTABLE_FOLDER_PATH)/LifeLogger";
			};
			name = Debug;
		};
		6D252A8A2EE8F9230088B6F1 /* Release */ = {
			isa = XCBuildConfiguration;
			buildSettings = {
				BUNDLE_LOADER = "$(TEST_HOST)";
				CODE_SIGN_STYLE = Automatic;
				CURRENT_PROJECT_VERSION = 1;
				DEVELOPMENT_TEAM = FJ47H5G4MH;
				GENERATE_INFOPLIST_FILE = YES;
				IPHONEOS_DEPLOYMENT_TARGET = 18.5;
				MARKETING_VERSION = 1.0;
				PRODUCT_BUNDLE_IDENTIFIER = jdai.LifeLoggerTests;
				PRODUCT_NAME = "$(TARGET_NAME)";
				SWIFT_EMIT_LOC_STRINGS = NO;
				SWIFT_VERSION = 5.0;
				TARGETED_DEVICE_FAMILY = "1,2";
				TEST_HOST = "$(BUILT_PRODUCTS_DIR)/LifeLogger.app/$(BUNDLE_EXECUTABLE_FOLDER_PATH)/LifeLogger";
			};
			name = Release;
		};
		6D252A8C2EE8F9230088B6F1 /* Debug */ = {
			isa = XCBuildConfiguration;
			buildSettings = {
				CODE_SIGN_STYLE = Automatic;
				CURRENT_PROJECT_VERSION = 1;
				DEVELOPMENT_TEAM = FJ47H5G4MH;
				GENERATE_INFOPLIST_FILE = YES;
				MARKETING_VERSION = 1.0;
				PRODUCT_BUNDLE_IDENTIFIER = jdai.LifeLoggerUITests;
				PRODUCT_NAME = "$(TARGET_NAME)";
				SWIFT_EMIT_LOC_STRINGS = NO;
				SWIFT_VERSION = 5.0;
				TARGETED_DEVICE_FAMILY = "1,2";
				TEST_TARGET_NAME = LifeLogger;
			};
			name = Debug;
		};
		6D252A8D2EE8F9230088B6F1 /* Release */ = {
			isa = XCBuildConfiguration;
			buildSettings = {
				CODE_SIGN_STYLE = Automatic;
				CURRENT_PROJECT_VERSION = 1;
				DEVELOPMENT_TEAM = FJ47H5G4MH;
				GENERATE_INFOPLIST_FILE = YES;
				MARKETING_VERSION = 1.0;
				PRODUCT_BUNDLE_IDENTIFIER = jdai.LifeLoggerUITests;
				PRODUCT_NAME = "$(TARGET_NAME)";
				SWIFT_EMIT_LOC_STRINGS = NO;
				SWIFT_VERSION = 5.0;
				TARGETED_DEVICE_FAMILY = "1,2";
				TEST_TARGET_NAME = LifeLogger;
			};
			name = Release;
		};
/* End XCBuildConfiguration section */

/* Begin XCConfigurationList section */
		6D252A5F2EE8F9220088B6F1 /* Build configuration list for PBXProject "LifeLogger" */ = {
			isa = XCConfigurationList;
			buildConfigurations = (
				6D252A832EE8F9230088B6F1 /* Debug */,
				6D252A842EE8F9230088B6F1 /* Release */,
			);
			defaultConfigurationIsVisible = 0;
			defaultConfigurationName = Release;
		};
		6D252A852EE8F9230088B6F1 /* Build configuration list for PBXNativeTarget "LifeLogger" */ = {
			isa = XCConfigurationList;
			buildConfigurations = (
				6D252A862EE8F9230088B6F1 /* Debug */,
				6D252A872EE8F9230088B6F1 /* Release */,
			);
			defaultConfigurationIsVisible = 0;
			defaultConfigurationName = Release;
		};
		6D252A882EE8F9230088B6F1 /* Build configuration list for PBXNativeTarget "LifeLoggerTests" */ = {
			isa = XCConfigurationList;
			buildConfigurations = (
				6D252A892EE8F9230088B6F1 /* Debug */,
				6D252A8A2EE8F9230088B6F1 /* Release */,
			);
			defaultConfigurationIsVisible = 0;
			defaultConfigurationName = Release;
		};
		6D252A8B2EE8F9230088B6F1 /* Build configuration list for PBXNativeTarget "LifeLoggerUITests" */ = {
			isa = XCConfigurationList;
			buildConfigurations = (
				6D252A8C2EE8F9230088B6F1 /* Debug */,
				6D252A8D2EE8F9230088B6F1 /* Release */,
			);
			defaultConfigurationIsVisible = 0;
			defaultConfigurationName = Release;
		};
/* End XCConfigurationList section */
	};
	rootObject = 6D252A5C2EE8F9220088B6F1 /* Project object */;
}
